
Microsoft Visual Studio Solution File, Format Version 12.00
Project("{FAE04EC0-301F-11D3-BF4B-00C04F79EFBC}") = "Main", "Main\Main.csproj", "{0C8FF676-9818-4D97-ACA2-11B531A75B51}"
EndProject
Project("{FAE04EC0-301F-11D3-BF4B-00C04F79EFBC}") = "Tests", "Tests\Tests.csproj", "{D2DDC684-EAF8-43A7-B41F-54909CEF0F9C}"
EndProject
Global
	GlobalSection(SolutionConfigurationPlatforms) = preSolution
		Debug|Any CPU = Debug|Any CPU
		Release|Any CPU = Release|Any CPU
	EndGlobalSection
	GlobalSection(ProjectConfigurationPlatforms) = postSolution
		{0C8FF676-9818-4D97-ACA2-11B531A75B51}.Debug|Any CPU.ActiveCfg = Debug|Any CPU
		{0C8FF676-9818-4D97-ACA2-11B531A75B51}.Debug|Any CPU.Build.0 = Debug|Any CPU
		{0C8FF676-9818-4D97-ACA2-11B531A75B51}.Release|Any CPU.ActiveCfg = Release|Any CPU
		{0C8FF676-9818-4D97-ACA2-11B531A75B51}.Release|Any CPU.Build.0 = Release|Any CPU
		{D2DDC684-EAF8-43A7-B41F-54909CEF0F9C}.Debug|Any CPU.ActiveCfg = Debug|Any CPU
		{D2DDC684-EAF8-43A7-B41F-54909CEF0F9C}.Debug|Any CPU.Build.0 = Debug|Any CPU
		{D2DDC684-EAF8-43A7-B41F-54909CEF0F9C}.Release|Any CPU.ActiveCfg = Release|Any CPU
		{D2DDC684-EAF8-43A7-B41F-54909CEF0F9C}.Release|Any CPU.Build.0 = Release|Any CPU
	EndGlobalSection
EndGlobal
